
Microsoft Visual Studio Solution File, Format Version 12.00
# Visual Studio Version 16
VisualStudioVersion = 16.0.30114.105
MinimumVisualStudioVersion = 10.0.40219.1
Project("{8BB2217D-0F2D-49D1-97BC-3654ED321F3B}") = "PokepayPartnerCsharpSdk", "PokepayPartnerCsharpSdk\PokepayPartnerCsharpSdk.csproj", "{4ADFA2DF-56FD-4651-A167-3B1FCB0F30ED}"
EndProject
# Project("{8BB2217D-0F2D-49D1-97BC-3654ED321F3B}") = "PokepayPartnerCsharpSdk.Tests", "PokepayPartnerCsharpSdk.Tests\PokepayPartnerCsharpSdk.Tests.csproj", "{2297B28F-AFCE-4533-953F-486CEAEFC7AF}"
# EndProject
Project("{8BB2217D-0F2D-49D1-97BC-3654ED321F3B}") = "PokepayPartnerCsharpSdk.Example", "PokepayPartnerCsharpSdk.Example\PokepayPartnerCsharpSdk.Example.csproj", "{A06627D0-4FB2-4689-A9FE-AA7799314303}"
EndProject
Global
	GlobalSection(SolutionConfigurationPlatforms) = preSolution
		Debug|Any CPU = Debug|Any CPU
		Debug|x64 = Debug|x64
		Debug|x86 = Debug|x86
		Release|Any CPU = Release|Any CPU
		Release|x64 = Release|x64
		Release|x86 = Release|x86
	EndGlobalSection
	GlobalSection(SolutionProperties) = preSolution
		HideSolutionNode = FALSE
	EndGlobalSection
EndGlobal
